
Microsoft Visual Studio Solution File, Format Version 12.00
# Visual Studio Version 17
VisualStudioVersion = 17.3.32929.385
MinimumVisualStudioVersion = 10.0.40219.1
Project("{FAE04EC0-301F-11D3-BF4B-00C04F79EFBC}") = "restsharp-tests-serverest", "restsharp-tests-serverest.csproj", "{FD1B6FA8-20D1-44CE-9824-2F430FB1B5BB}"
EndProject
Global
	GlobalSection(SolutionConfigurationPlatforms) = preSolution
		Debug|Any CPU = Debug|Any CPU
		Release|Any CPU = Release|Any CPU
	EndGlobalSection
	GlobalSection(ProjectConfigurationPlatforms) = postSolution
		{FD1B6FA8-20D1-44CE-9824-2F430FB1B5BB}.Debug|Any CPU.ActiveCfg = Debug|Any CPU
		{FD1B6FA8-20D1-44CE-9824-2F430FB1B5BB}.Debug|Any CPU.Build.0 = Debug|Any CPU
		{FD1B6FA8-20D1-44CE-9824-2F430FB1B5BB}.Release|Any CPU.ActiveCfg = Release|Any CPU
		{FD1B6FA8-20D1-44CE-9824-2F430FB1B5BB}.Release|Any CPU.Build.0 = Release|Any CPU
	EndGlobalSection
	GlobalSection(SolutionProperties) = preSolution
		HideSolutionNode = FALSE
	EndGlobalSection
	GlobalSection(ExtensibilityGlobals) = postSolution
		SolutionGuid = {EBFCA26C-1CA3-4710-993C-9BEBFD44C43E}
	EndGlobalSection
EndGlobal
